
Microsoft Visual Studio Solution File, Format Version 12.00
# Visual Studio 15
VisualStudioVersion = 15.0.27703.2035
MinimumVisualStudioVersion = 10.0.40219.1
Project("{FAE04EC0-301F-11D3-BF4B-00C04F79EFBC}") = "QuizAutoSolver", "QuizAutoSolver\QuizAutoSolver.csproj", "{CFD91E7F-39C5-46F4-B657-5ED9B2763E2E}"
EndProject
Global
	GlobalSection(SolutionConfigurationPlatforms) = preSolution
		Debug|Any CPU = Debug|Any CPU
		Release|Any CPU = Release|Any CPU
	EndGlobalSection
	GlobalSection(ProjectConfigurationPlatforms) = postSolution
		{CFD91E7F-39C5-46F4-B657-5ED9B2763E2E}.Debug|Any CPU.ActiveCfg = Debug|Any CPU
		{CFD91E7F-39C5-46F4-B657-5ED9B2763E2E}.Debug|Any CPU.Build.0 = Debug|Any CPU
		{CFD91E7F-39C5-46F4-B657-5ED9B2763E2E}.Release|Any CPU.ActiveCfg = Release|Any CPU
		{CFD91E7F-39C5-46F4-B657-5ED9B2763E2E}.Release|Any CPU.Build.0 = Release|Any CPU
	EndGlobalSection
	GlobalSection(SolutionProperties) = preSolution
		HideSolutionNode = FALSE
	EndGlobalSection
	GlobalSection(ExtensibilityGlobals) = postSolution
		SolutionGuid = {61F158F8-C75C-4216-84C7-B842FA4964E2}
	EndGlobalSection
EndGlobal
